// !$*UTF8*$!
{
	archiveVersion = 1;
	classes = {
	};
	objectVersion = 77;
	objects = {

/* Begin PBXBuildFile section */
		A7AF8E2B2E95AC650034EDA0 /* FirebaseAI in Frameworks */ = {isa = PBXBuildFile; productRef = A7AF8E2A2E95AC650034EDA0 /* FirebaseAI */; };
		A7AF8E2D2E95AC650034EDA0 /* FirebaseAuth in Frameworks */ = {isa = PBXBuildFile; productRef = A7AF8E2C2E95AC650034EDA0 /* FirebaseAuth */; };
		A7AF8E2F2E95AC650034EDA0 /* FirebaseFirestore in Frameworks */ = {isa = PBXBuildFile; productRef = A7AF8E2E2E95AC650034EDA0 /* FirebaseFirestore */; };
		A7C4D14B2E9ADB45009CCC07 /* GoogleService-Info.plist in Resources */ = {isa = PBXBuildFile; fileRef = A7C4D14A2E9ADB45009CCC07 /* GoogleService-Info.plist */; };
		A7D3C7A72F9BAC6600C5ACBF /* GoogleSignIn in Frameworks */ = {isa = PBXBuildFile; productRef = A7D3C7A62F9BAC6600C5ACBF /* GoogleSignIn */; };
/* End PBXBuildFile section */

/* Begin PBXContainerItemProxy section */
		A795D3B42E6F9E79008F4FDF /* PBXContainerItemProxy */ = {
			isa = PBXContainerItemProxy;
			containerPortal = A795D39E2E6F9E78008F4FDF /* Project object */;
			proxyType = 1;
			remoteGlobalIDString = A795D3A52E6F9E78008F4FDF;
			remoteInfo = StayFit;
		};
		A795D3BE2E6F9E79008F4FDF /* PBXContainerItemProxy */ = {
			isa = PBXContainerItemProxy;
			containerPortal = A795D39E2E6F9E78008F4FDF /* Project object */;
			proxyType = 1;
			remoteGlobalIDString = A795D3A52E6F9E78008F4FDF;
			remoteInfo = StayFit;
		};
/* End PBXContainerItemProxy section */

/* Begin PBXFileReference section */
		A795D3A62E6F9E78008F4FDF /* StayFit.app */ = {isa = PBXFileReference; explicitFileType = wrapper.application; includeInIndex = 0; path = StayFit.app; sourceTree = BUILT_PRODUCTS_DIR; };
		A795D3B32E6F9E79008F4FDF /* StayFitTests.xctest */ = {isa = PBXFileReference; explicitFileType = wrapper.cfbundle; includeInIndex = 0; path = StayFitTests.xctest; sourceTree = BUILT_PRODUCTS_DIR; };
		A795D3BD2E6F9E79008F4FDF /* StayFitUITests.xctest */ = {isa = PBXFileReference; explicitFileType = wrapper.cfbundle; includeInIndex = 0; path = StayFitUITests.xctest; sourceTree = BUILT_PRODUCTS_DIR; };
		A7C4D14A2E9ADB45009CCC07 /* GoogleService-Info.plist */ = {isa = PBXFileReference; lastKnownFileType = text.plist.xml; path = "GoogleService-Info.plist"; sourceTree = "<group>"; };
/* End PBXFileReference section */

/* Begin PBXFileSystemSynchronizedBuildFileExceptionSet section */
		A7D3C7A92F9BACC100C5ACBF /* Exceptions for "StayFit" folder in "StayFit" target */ = {
			isa = PBXFileSystemSynchronizedBuildFileExceptionSet;
			membershipExceptions = (
				Info.plist,
			);
			target = A795D3A52E6F9E78008F4FDF /* StayFit */;
		};
/* End PBXFileSystemSynchronizedBuildFileExceptionSet section */

/* Begin PBXFileSystemSynchronizedRootGroup section */
		A795D3A82E6F9E78008F4FDF /* StayFit */ = {
			isa = PBXFileSystemSynchronizedRootGroup;
			exceptions = (
				A7D3C7A92F9BACC100C5ACBF /* Exceptions for "StayFit" folder in "StayFit" target */,
			);
			path = StayFit;
			sourceTree = "<group>";
		};
		A795D3B62E6F9E79008F4FDF /* StayFitTests */ = {
			isa = PBXFileSystemSynchronizedRootGroup;
			path = StayFitTests;
			sourceTree = "<group>";
		};
		A795D3C02E6F9E79008F4FDF /* StayFitUITests */ = {
			isa = PBXFileSystemSynchronizedRootGroup;
			path = StayFitUITests;
			sourceTree = "<group>";
		};
/* End PBXFileSystemSynchronizedRootGroup section */

/* Begin PBXFrameworksBuildPhase section */
		A795D3A32E6F9E78008F4FDF /* Frameworks */ = {
			isa = PBXFrameworksBuildPhase;
			buildActionMask = 2147483647;
			files = (
				A7AF8E2B2E95AC650034EDA0 /* FirebaseAI in Frameworks */,
				A7D3C7A72F9BAC6600C5ACBF /* GoogleSignIn in Frameworks */,
				A7AF8E2D2E95AC650034EDA0 /* FirebaseAuth in Frameworks */,
				A7AF8E2F2E95AC650034EDA0 /* FirebaseFirestore in Frameworks */,
			);
			runOnlyForDeploymentPostprocessing = 0;
		};
		A795D3B02E6F9E79008F4FDF /* Frameworks */ = {
			isa = PBXFrameworksBuildPhase;
			buildActionMask = 2147483647;
			files = (
			);
			runOnlyForDeploymentPostprocessing = 0;
		};
		A795D3BA2E6F9E79008F4FDF /* Frameworks */ = {
			isa = PBXFrameworksBuildPhase;
			buildActionMask = 2147483647;
			files = (
			);
			runOnlyForDeploymentPostprocessing = 0;
		};
/* End PBXFrameworksBuildPhase section */

/* Begin PBXGroup section */
		A795D39D2E6F9E78008F4FDF = {
			isa = PBXGroup;
			children = (
				A795D3A82E6F9E78008F4FDF /* StayFit */,
				A795D3B62E6F9E79008F4FDF /* StayFitTests */,
				A795D3C02E6F9E79008F4FDF /* StayFitUITests */,
				A795D3A72E6F9E78008F4FDF /* Products */,
				A7C4D14A2E9ADB45009CCC07 /* GoogleService-Info.plist */,
			);
			sourceTree = "<group>";
		};
		A795D3A72E6F9E78008F4FDF /* Products */ = {
			isa = PBXGroup;
			children = (
				A795D3A62E6F9E78008F4FDF /* StayFit.app */,
				A795D3B32E6F9E79008F4FDF /* StayFitTests.xctest */,
				A795D3BD2E6F9E79008F4FDF /* StayFitUITests.xctest */,
			);
			name = Products;
			sourceTree = "<group>";
		};
/* End PBXGroup section */

/* Begin PBXNativeTarget section */
		A795D3A52E6F9E78008F4FDF /* StayFit */ = {
			isa = PBXNativeTarget;
			buildConfigurationList = A795D3C72E6F9E79008F4FDF /* Build configuration list for PBXNativeTarget "StayFit" */;
			buildPhases = (
				A795D3A22E6F9E78008F4FDF /* Sources */,
				A795D3A32E6F9E78008F4FDF /* Frameworks */,
				A795D3A42E6F9E78008F4FDF /* Resources */,
			);
			buildRules = (
			);
			dependencies = (
			);
			fileSystemSynchronizedGroups = (
				A795D3A82E6F9E78008F4FDF /* StayFit */,
			);
			name = StayFit;
			packageProductDependencies = (
				A7AF8E2A2E95AC650034EDA0 /* FirebaseAI */,
				A7AF8E2C2E95AC650034EDA0 /* FirebaseAuth */,
				A7AF8E2E2E95AC650034EDA0 /* FirebaseFirestore */,
				A7D3C7A62F9BAC6600C5ACBF /* GoogleSignIn */,
			);
			productName = StayFit;
			productReference = A795D3A62E6F9E78008F4FDF /* StayFit.app */;
			productType = "com.apple.product-type.application";
		};
		A795D3B22E6F9E79008F4FDF /* StayFitTests */ = {
			isa = PBXNativeTarget;
			buildConfigurationList = A795D3CA2E6F9E79008F4FDF /* Build configuration list for PBXNativeTarget "StayFitTests" */;
			buildPhases = (
				A795D3AF2E6F9E79008F4FDF /* Sources */,
				A795D3B02E6F9E79008F4FDF /* Frameworks */,
				A795D3B12E6F9E79008F4FDF /* Resources */,
			);
			buildRules = (
			);
			dependencies = (
				A795D3B52E6F9E79008F4FDF /* PBXTargetDependency */,
			);
			fileSystemSynchronizedGroups = (
				A795D3B62E6F9E79008F4FDF /* StayFitTests */,
			);
			name = StayFitTests;
			packageProductDependencies = (
			);
			productName = StayFitTests;
			productReference = A795D3B32E6F9E79008F4FDF /* StayFitTests.xctest */;
			productType = "com.apple.product-type.bundle.unit-test";
		};
		A795D3BC2E6F9E79008F4FDF /* StayFitUITests */ = {
			isa = PBXNativeTarget;
			buildConfigurationList = A795D3CD2E6F9E79008F4FDF /* Build configuration list for PBXNativeTarget "StayFitUITests" */;
			buildPhases = (
				A795D3B92E6F9E79008F4FDF /* Sources */,
				A795D3BA2E6F9E79008F4FDF /* Frameworks */,
				A795D3BB2E6F9E79008F4FDF /* Resources */,
			);
			buildRules = (
			);
			dependencies = (
				A795D3BF2E6F9E79008F4FDF /* PBXTargetDependency */,
			);
			fileSystemSynchronizedGroups = (
				A795D3C02E6F9E79008F4FDF /* StayFitUITests */,
			);
			name = StayFitUITests;
			packageProductDependencies = (
			);
			productName = StayFitUITests;
			productReference = A795D3BD2E6F9E79008F4FDF /* StayFitUITests.xctest */;
			productType = "com.apple.product-type.bundle.ui-testing";
		};
/* End PBXNativeTarget section */

/* Begin PBXProject section */
		A795D39E2E6F9E78008F4FDF /* Project object */ = {
			isa = PBXProject;
			attributes = {
				BuildIndependentTargetsInParallel = 1;
				LastSwiftUpdateCheck = 1640;
				LastUpgradeCheck = 2600;
				TargetAttributes = {
					A795D3A52E6F9E78008F4FDF = {
						CreatedOnToolsVersion = 16.4;
					};
					A795D3B22E6F9E79008F4FDF = {
						CreatedOnToolsVersion = 16.4;
						TestTargetID = A795D3A52E6F9E78008F4FDF;
					};
					A795D3BC2E6F9E79008F4FDF = {
						CreatedOnToolsVersion = 16.4;
						TestTargetID = A795D3A52E6F9E78008F4FDF;
					};
				};
			};
			buildConfigurationList = A795D3A12E6F9E78008F4FDF /* Build configuration list for PBXProject "StayFit" */;
			developmentRegion = en;
			hasScannedForEncodings = 0;
			knownRegions = (
				en,
				Base,
			);
			mainGroup = A795D39D2E6F9E78008F4FDF;
			minimizedProjectReferenceProxies = 1;
			packageReferences = (
				A7AF8E242E95A9B00034EDA0 /* XCRemoteSwiftPackageReference "firebase-ios-sdk" */,
				A7D3C7A52F9BAC6600C5ACBF /* XCRemoteSwiftPackageReference "GoogleSignIn-iOS" */,
			);
			preferredProjectObjectVersion = 77;
			productRefGroup = A795D3A72E6F9E78008F4FDF /* Products */;
			projectDirPath = "";
			projectRoot = "";
			targets = (
				A795D3A52E6F9E78008F4FDF /* StayFit */,
				A795D3B22E6F9E79008F4FDF /* StayFitTests */,
				A795D3BC2E6F9E79008F4FDF /* StayFitUITests */,
			);
		};
/* End PBXProject section */

/* Begin PBXResourcesBuildPhase section */
		A795D3A42E6F9E78008F4FDF /* Resources */ = {
			isa = PBXResourcesBuildPhase;
			buildActionMask = 2147483647;
			files = (
				A7C4D14B2E9ADB45009CCC07 /* GoogleService-Info.plist in Resources */,
			);
			runOnlyForDeploymentPostprocessing = 0;
		};
		A795D3B12E6F9E79008F4FDF /* Resources */ = {
			isa = PBXResourcesBuildPhase;
			buildActionMask = 2147483647;
			files = (
			);
			runOnlyForDeploymentPostprocessing = 0;
		};
		A795D3BB2E6F9E79008F4FDF /* Resources */ = {
			isa = PBXResourcesBuildPhase;
			buildActionMask = 2147483647;
			files = (
			);
			runOnlyForDeploymentPostprocessing = 0;
		};
/* End PBXResourcesBuildPhase section */

/* Begin PBXSourcesBuildPhase section */
		A795D3A22E6F9E78008F4FDF /* Sources */ = {
			isa = PBXSourcesBuildPhase;
			buildActionMask = 2147483647;
			files = (
			);
			runOnlyForDeploymentPostprocessing = 0;
		};
		A795D3AF2E6F9E79008F4FDF /* Sources */ = {
			isa = PBXSourcesBuildPhase;
			buildActionMask = 2147483647;
			files = (
			);
			runOnlyForDeploymentPostprocessing = 0;
		};
		A795D3B92E6F9E79008F4FDF /* Sources */ = {
			isa = PBXSourcesBuildPhase;
			buildActionMask = 2147483647;
			files = (
			);
			runOnlyForDeploymentPostprocessing = 0;
		};
/* End PBXSourcesBuildPhase section */

/* Begin PBXTargetDependency section */
		A795D3B52E6F9E79008F4FDF /* PBXTargetDependency */ = {
			isa = PBXTargetDependency;
			target = A795D3A52E6F9E78008F4FDF /* StayFit */;
			targetProxy = A795D3B42E6F9E79008F4FDF /* PBXContainerItemProxy */;
		};
		A795D3BF2E6F9E79008F4FDF /* PBXTargetDependency */ = {
			isa = PBXTargetDependency;
			target = A795D3A52E6F9E78008F4FDF /* StayFit */;
			targetProxy = A795D3BE2E6F9E79008F4FDF /* PBXContainerItemProxy */;
		};
/* End PBXTargetDependency section */

/* Begin XCBuildConfiguration section */
		A795D3C52E6F9E79008F4FDF /* Debug */ = {
			isa = XCBuildConfiguration;
			buildSettings = {
				ALWAYS_SEARCH_USER_PATHS = NO;
				ASSETCATALOG_COMPILER_GENERATE_SWIFT_ASSET_SYMBOL_EXTENSIONS = YES;
				CLANG_ANALYZER_NONNULL = YES;
				CLANG_ANALYZER_NUMBER_OBJECT_CONVERSION = YES_AGGRESSIVE;
				CLANG_CXX_LANGUAGE_STANDARD = "gnu++20";
				CLANG_ENABLE_MODULES = YES;
				CLANG_ENABLE_OBJC_ARC = YES;
				CLANG_ENABLE_OBJC_WEAK = YES;
				CLANG_WARN_BLOCK_CAPTURE_AUTORELEASING = YES;
				CLANG_WARN_BOOL_CONVERSION = YES;
				CLANG_WARN_COMMA = YES;
				CLANG_WARN_CONSTANT_CONVERSION = YES;
				CLANG_WARN_DEPRECATED_OBJC_IMPLEMENTATIONS = YES;
				CLANG_WARN_DIRECT_OBJC_ISA_USAGE = YES_ERROR;
				CLANG_WARN_DOCUMENTATION_COMMENTS = YES;
				CLANG_WARN_EMPTY_BODY = YES;
				CLANG_WARN_ENUM_CONVERSION = YES;
				CLANG_WARN_INFINITE_RECURSION = YES;
				CLANG_WARN_INT_CONVERSION = YES;
				CLANG_WARN_NON_LITERAL_NULL_CONVERSION = YES;
				CLANG_WARN_OBJC_IMPLICIT_RETAIN_SELF = YES;
				CLANG_WARN_OBJC_LITERAL_CONVERSION = YES;
				CLANG_WARN_OBJC_ROOT_CLASS = YES_ERROR;
				CLANG_WARN_QUOTED_INCLUDE_IN_FRAMEWORK_HEADER = YES;
				CLANG_WARN_RANGE_LOOP_ANALYSIS = YES;
				CLANG_WARN_STRICT_PROTOTYPES = YES;
				CLANG_WARN_SUSPICIOUS_MOVE = YES;
				CLANG_WARN_UNGUARDED_AVAILABILITY = YES_AGGRESSIVE;
				CLANG_WARN_UNREACHABLE_CODE = YES;
				CLANG_WARN__DUPLICATE_METHOD_MATCH = YES;
				COPY_PHASE_STRIP = NO;
				DEBUG_INFORMATION_FORMAT = dwarf;
				DEVELOPMENT_TEAM = 6K3BC7GXAF;
				ENABLE_STRICT_OBJC_MSGSEND = YES;
				ENABLE_TESTABILITY = YES;
				ENABLE_USER_SCRIPT_SANDBOXING = YES;
				GCC_C_LANGUAGE_STANDARD = gnu17;
				GCC_DYNAMIC_NO_PIC = NO;
				GCC_NO_COMMON_BLOCKS = YES;
				GCC_OPTIMIZATION_LEVEL = 0;
				GCC_PREPROCESSOR_DEFINITIONS = (
					"DEBUG=1",
					"$(inherited)",
				);
				GCC_WARN_64_TO_32_BIT_CONVERSION = YES;
				GCC_WARN_ABOUT_RETURN_TYPE = YES_ERROR;
				GCC_WARN_UNDECLARED_SELECTOR = YES;
				GCC_WARN_UNINITIALIZED_AUTOS = YES_AGGRESSIVE;
				GCC_WARN_UNUSED_FUNCTION = YES;
				GCC_WARN_UNUSED_VARIABLE = YES;
				IPHONEOS_DEPLOYMENT_TARGET = 18.5;
				LOCALIZATION_PREFERS_STRING_CATALOGS = YES;
				MTL_ENABLE_DEBUG_INFO = INCLUDE_SOURCE;
				MTL_FAST_MATH = YES;
				ONLY_ACTIVE_ARCH = YES;
				SDKROOT = iphoneos;
				STRING_CATALOG_GENERATE_SYMBOLS = YES;
				SWIFT_ACTIVE_COMPILATION_CONDITIONS = "DEBUG $(inherited)";
				SWIFT_OPTIMIZATION_LEVEL = "-Onone";
			};
			name = Debug;
		};
		A795D3C62E6F9E79008F4FDF /* Release */ = {
			isa = XCBuildConfiguration;
			buildSettings = {
				ALWAYS_SEARCH_USER_PATHS = NO;
				ASSETCATALOG_COMPILER_GENERATE_SWIFT_ASSET_SYMBOL_EXTENSIONS = YES;
				CLANG_ANALYZER_NONNULL = YES;
				CLANG_ANALYZER_NUMBER_OBJECT_CONVERSION = YES_AGGRESSIVE;
				CLANG_CXX_LANGUAGE_STANDARD = "gnu++20";
				CLANG_ENABLE_MODULES = YES;
				CLANG_ENABLE_OBJC_ARC = YES;
				CLANG_ENABLE_OBJC_WEAK = YES;
				CLANG_WARN_BLOCK_CAPTURE_AUTORELEASING = YES;
				CLANG_WARN_BOOL_CONVERSION = YES;
				CLANG_WARN_COMMA = YES;
				CLANG_WARN_CONSTANT_CONVERSION = YES;
				CLANG_WARN_DEPRECATED_OBJC_IMPLEMENTATIONS = YES;
				CLANG_WARN_DIRECT_OBJC_ISA_USAGE = YES_ERROR;
				CLANG_WARN_DOCUMENTATION_COMMENTS = YES;
				CLANG_WARN_EMPTY_BODY = YES;
				CLANG_WARN_ENUM_CONVERSION = YES;
				CLANG_WARN_INFINITE_RECURSION = YES;
				CLANG_WARN_INT_CONVERSION = YES;
				CLANG_WARN_NON_LITERAL_NULL_CONVERSION = YES;
				CLANG_WARN_OBJC_IMPLICIT_RETAIN_SELF = YES;
				CLANG_WARN_OBJC_LITERAL_CONVERSION = YES;
				CLANG_WARN_OBJC_ROOT_CLASS = YES_ERROR;
				CLANG_WARN_QUOTED_INCLUDE_IN_FRAMEWORK_HEADER = YES;
				CLANG_WARN_RANGE_LOOP_ANALYSIS = YES;
				CLANG_WARN_STRICT_PROTOTYPES = YES;
				CLANG_WARN_SUSPICIOUS_MOVE = YES;
				CLANG_WARN_UNGUARDED_AVAILABILITY = YES_AGGRESSIVE;
				CLANG_WARN_UNREACHABLE_CODE = YES;
				CLANG_WARN__DUPLICATE_METHOD_MATCH = YES;
				COPY_PHASE_STRIP = NO;
				DEBUG_INFORMATION_FORMAT = "dwarf-with-dsym";
				DEVELOPMENT_TEAM = 6K3BC7GXAF;
				ENABLE_NS_ASSERTIONS = NO;
				ENABLE_STRICT_OBJC_MSGSEND = YES;
				ENABLE_USER_SCRIPT_SANDBOXING = YES;
				GCC_C_LANGUAGE_STANDARD = gnu17;
				GCC_NO_COMMON_BLOCKS = YES;
				GCC_WARN_64_TO_32_BIT_CONVERSION = YES;
				GCC_WARN_ABOUT_RETURN_TYPE = YES_ERROR;
				GCC_WARN_UNDECLARED_SELECTOR = YES;
				GCC_WARN_UNINITIALIZED_AUTOS = YES_AGGRESSIVE;
				GCC_WARN_UNUSED_FUNCTION = YES;
				GCC_WARN_UNUSED_VARIABLE = YES;
				IPHONEOS_DEPLOYMENT_TARGET = 18.5;
				LOCALIZATION_PREFERS_STRING_CATALOGS = YES;
				MTL_ENABLE_DEBUG_INFO = NO;
				MTL_FAST_MATH = YES;
				SDKROOT = iphoneos;
				STRING_CATALOG_GENERATE_SYMBOLS = YES;
				SWIFT_COMPILATION_MODE = wholemodule;
				VALIDATE_PRODUCT = YES;
			};
			name = Release;
		};
		A795D3C82E6F9E79008F4FDF /* Debug */ = {
			isa = XCBuildConfiguration;
			buildSettings = {
				ASSETCATALOG_COMPILER_APPICON_NAME = AppIcon;
				ASSETCATALOG_COMPILER_GLOBAL_ACCENT_COLOR_NAME = AccentColor;
				CODE_SIGN_ENTITLEMENTS = StayFit/StayFit.entitlements;
				CODE_SIGN_STYLE = Automatic;
				CURRENT_PROJECT_VERSION = 1;
				DEVELOPMENT_TEAM = 6K3BC7GXAF;
				ENABLE_PREVIEWS = YES;
				GENERATE_INFOPLIST_FILE = YES;
				INFOPLIST_FILE = StayFit/Info.plist;
				INFOPLIST_KEY_UIApplicationSceneManifest_Generation = YES;
				INFOPLIST_KEY_UIApplicationSupportsIndirectInputEvents = YES;
				INFOPLIST_KEY_UILaunchScreen_Generation = YES;
				INFOPLIST_KEY_UISupportedInterfaceOrientations_iPad = "UIInterfaceOrientationPortrait UIInterfaceOrientationPortraitUpsideDown UIInterfaceOrientationLandscapeLeft UIInterfaceOrientationLandscapeRight";
				INFOPLIST_KEY_UISupportedInterfaceOrientations_iPhone = "UIInterfaceOrientationPortrait UIInterfaceOrientationLandscapeLeft UIInterfaceOrientationLandscapeRight";
				LD_RUNPATH_SEARCH_PATHS = (
					"$(inherited)",
					"@executable_path/Frameworks",
				);
				MARKETING_VERSION = 1.0;
				PRODUCT_BUNDLE_IDENTIFIER = adithyanalluri.StayFit;
				PRODUCT_NAME = "$(TARGET_NAME)";
				SWIFT_EMIT_LOC_STRINGS = YES;
				SWIFT_VERSION = 5.0;
				TARGETED_DEVICE_FAMILY = "1,2";
			};
			name = Debug;
		};
		A795D3C92E6F9E79008F4FDF /* Release */ = {
			isa = XCBuildConfiguration;
			buildSettings = {
				ASSETCATALOG_COMPILER_APPICON_NAME = AppIcon;
				ASSETCATALOG_COMPILER_GLOBAL_ACCENT_COLOR_NAME = AccentColor;
				CODE_SIGN_ENTITLEMENTS = StayFit/StayFit.entitlements;
				CODE_SIGN_STYLE = Automatic;
				CURRENT_PROJECT_VERSION = 1;
				DEVELOPMENT_TEAM = 6K3BC7GXAF;
				ENABLE_PREVIEWS = YES;
				GENERATE_INFOPLIST_FILE = YES;
				INFOPLIST_FILE = StayFit/Info.plist;
				INFOPLIST_KEY_UIApplicationSceneManifest_Generation = YES;
				INFOPLIST_KEY_UIApplicationSupportsIndirectInputEvents = YES;
				INFOPLIST_KEY_UILaunchScreen_Generation = YES;
				INFOPLIST_KEY_UISupportedInterfaceOrientations_iPad = "UIInterfaceOrientationPortrait UIInterfaceOrientationPortraitUpsideDown UIInterfaceOrientationLandscapeLeft UIInterfaceOrientationLandscapeRight";
				INFOPLIST_KEY_UISupportedInterfaceOrientations_iPhone = "UIInterfaceOrientationPortrait UIInterfaceOrientationLandscapeLeft UIInterfaceOrientationLandscapeRight";
				LD_RUNPATH_SEARCH_PATHS = (
					"$(inherited)",
					"@executable_path/Frameworks",
				);
				MARKETING_VERSION = 1.0;
				PRODUCT_BUNDLE_IDENTIFIER = adithyanalluri.StayFit;
				PRODUCT_NAME = "$(TARGET_NAME)";
				SWIFT_EMIT_LOC_STRINGS = YES;
				SWIFT_VERSION = 5.0;
				TARGETED_DEVICE_FAMILY = "1,2";
			};
			name = Release;
		};
		A795D3CB2E6F9E79008F4FDF /* Debug */ = {
			isa = XCBuildConfiguration;
			buildSettings = {
				BUNDLE_LOADER = "$(TEST_HOST)";
				CODE_SIGN_STYLE = Automatic;
				CURRENT_PROJECT_VERSION = 1;
				DEVELOPMENT_TEAM = 6K3BC7GXAF;
				GENERATE_INFOPLIST_FILE = YES;
				IPHONEOS_DEPLOYMENT_TARGET = 18.5;
				MARKETING_VERSION = 1.0;
				PRODUCT_BUNDLE_IDENTIFIER = adithyanalluri.StayFitTests;
				PRODUCT_NAME = "$(TARGET_NAME)";
				SWIFT_EMIT_LOC_STRINGS = NO;
				SWIFT_VERSION = 5.0;
				TARGETED_DEVICE_FAMILY = "1,2";
				TEST_HOST = "$(BUILT_PRODUCTS_DIR)/StayFit.app/$(BUNDLE_EXECUTABLE_FOLDER_PATH)/StayFit";
			};
			name = Debug;
		};
		A795D3CC2E6F9E79008F4FDF /* Release */ = {
			isa = XCBuildConfiguration;
			buildSettings = {
				BUNDLE_LOADER = "$(TEST_HOST)";
				CODE_SIGN_STYLE = Automatic;
				CURRENT_PROJECT_VERSION = 1;
				DEVELOPMENT_TEAM = 6K3BC7GXAF;
				GENERATE_INFOPLIST_FILE = YES;
				IPHONEOS_DEPLOYMENT_TARGET = 18.5;
				MARKETING_VERSION = 1.0;
				PRODUCT_BUNDLE_IDENTIFIER = adithyanalluri.StayFitTests;
				PRODUCT_NAME = "$(TARGET_NAME)";
				SWIFT_EMIT_LOC_STRINGS = NO;
				SWIFT_VERSION = 5.0;
				TARGETED_DEVICE_FAMILY = "1,2";
				TEST_HOST = "$(BUILT_PRODUCTS_DIR)/StayFit.app/$(BUNDLE_EXECUTABLE_FOLDER_PATH)/StayFit";
			};
			name = Release;
		};
		A795D3CE2E6F9E79008F4FDF /* Debug */ = {
			isa = XCBuildConfiguration;
			buildSettings = {
				CODE_SIGN_STYLE = Automatic;
				CURRENT_PROJECT_VERSION = 1;
				DEVELOPMENT_TEAM = 6K3BC7GXAF;
				GENERATE_INFOPLIST_FILE = YES;
				MARKETING_VERSION = 1.0;
				PRODUCT_BUNDLE_IDENTIFIER = adithyanalluri.StayFitUITests;
				PRODUCT_NAME = "$(TARGET_NAME)";
				SWIFT_EMIT_LOC_STRINGS = NO;
				SWIFT_VERSION = 5.0;
				TARGETED_DEVICE_FAMILY = "1,2";
				TEST_TARGET_NAME = StayFit;
			};
			name = Debug;
		};
		A795D3CF2E6F9E79008F4FDF /* Release */ = {
			isa = XCBuildConfiguration;
			buildSettings = {
				CODE_SIGN_STYLE = Automatic;
				CURRENT_PROJECT_VERSION = 1;
				DEVELOPMENT_TEAM = 6K3BC7GXAF;
				GENERATE_INFOPLIST_FILE = YES;
				MARKETING_VERSION = 1.0;
				PRODUCT_BUNDLE_IDENTIFIER = adithyanalluri.StayFitUITests;
				PRODUCT_NAME = "$(TARGET_NAME)";
				SWIFT_EMIT_LOC_STRINGS = NO;
				SWIFT_VERSION = 5.0;
				TARGETED_DEVICE_FAMILY = "1,2";
				TEST_TARGET_NAME = StayFit;
			};
			name = Release;
		};
/* End XCBuildConfiguration section */

/* Begin XCConfigurationList section */
		A795D3A12E6F9E78008F4FDF /* Build configuration list for PBXProject "StayFit" */ = {
			isa = XCConfigurationList;
			buildConfigurations = (
				A795D3C52E6F9E79008F4FDF /* Debug */,
				A795D3C62E6F9E79008F4FDF /* Release */,
			);
			defaultConfigurationIsVisible = 0;
			defaultConfigurationName = Release;
		};
		A795D3C72E6F9E79008F4FDF /* Build configuration list for PBXNativeTarget "StayFit" */ = {
			isa = XCConfigurationList;
			buildConfigurations = (
				A795D3C82E6F9E79008F4FDF /* Debug */,
				A795D3C92E6F9E79008F4FDF /* Release */,
			);
			defaultConfigurationIsVisible = 0;
			defaultConfigurationName = Release;
		};
		A795D3CA2E6F9E79008F4FDF /* Build configuration list for PBXNativeTarget "StayFitTests" */ = {
			isa = XCConfigurationList;
			buildConfigurations = (
				A795D3CB2E6F9E79008F4FDF /* Debug */,
				A795D3CC2E6F9E79008F4FDF /* Release */,
			);
			defaultConfigurationIsVisible = 0;
			defaultConfigurationName = Release;
		};
		A795D3CD2E6F9E79008F4FDF /* Build configuration list for PBXNativeTarget "StayFitUITests" */ = {
			isa = XCConfigurationList;
			buildConfigurations = (
				A795D3CE2E6F9E79008F4FDF /* Debug */,
				A795D3CF2E6F9E79008F4FDF /* Release */,
			);
			defaultConfigurationIsVisible = 0;
			defaultConfigurationName = Release;
		};
/* End XCConfigurationList section */

/* Begin XCRemoteSwiftPackageReference section */
		A7AF8E242E95A9B00034EDA0 /* XCRemoteSwiftPackageReference "firebase-ios-sdk" */ = {
			isa = XCRemoteSwiftPackageReference;
			repositoryURL = "https://github.com/firebase/firebase-ios-sdk";
			requirement = {
				kind = upToNextMajorVersion;
				minimumVersion = 12.4.0;
			};
		};
		A7D3C7A52F9BAC6600C5ACBF /* XCRemoteSwiftPackageReference "GoogleSignIn-iOS" */ = {
			isa = XCRemoteSwiftPackageReference;
			repositoryURL = "https://github.com/google/GoogleSignIn-iOS";
			requirement = {
				kind = upToNextMajorVersion;
				minimumVersion = 9.1.0;
			};
		};
/* End XCRemoteSwiftPackageReference section */

/* Begin XCSwiftPackageProductDependency section */
		A7AF8E2A2E95AC650034EDA0 /* FirebaseAI */ = {
			isa = XCSwiftPackageProductDependency;
			package = A7AF8E242E95A9B00034EDA0 /* XCRemoteSwiftPackageReference "firebase-ios-sdk" */;
			productName = FirebaseAI;
		};
		A7AF8E2C2E95AC650034EDA0 /* FirebaseAuth */ = {
			isa = XCSwiftPackageProductDependency;
			package = A7AF8E242E95A9B00034EDA0 /* XCRemoteSwiftPackageReference "firebase-ios-sdk" */;
			productName = FirebaseAuth;
		};
		A7AF8E2E2E95AC650034EDA0 /* FirebaseFirestore */ = {
			isa = XCSwiftPackageProductDependency;
			package = A7AF8E242E95A9B00034EDA0 /* XCRemoteSwiftPackageReference "firebase-ios-sdk" */;
			productName = FirebaseFirestore;
		};
		A7D3C7A62F9BAC6600C5ACBF /* GoogleSignIn */ = {
			isa = XCSwiftPackageProductDependency;
			package = A7D3C7A52F9BAC6600C5ACBF /* XCRemoteSwiftPackageReference "GoogleSignIn-iOS" */;
			productName = GoogleSignIn;
		};
/* End XCSwiftPackageProductDependency section */
	};
	rootObject = A795D39E2E6F9E78008F4FDF /* Project object */;
}
